
Microsoft Visual Studio Solution File, Format Version 12.00
# Visual Studio Version 16
VisualStudioVersion = 16.0.30114.105
MinimumVisualStudioVersion = 10.0.40219.1
Project("{F184B08F-C81C-45F6-A57F-5ABD9991F28F}") = "s", "s\s.vbproj", "{B463712B-0AF7-42C6-84E9-4E7814AA04E6}"
EndProject
Project("{F184B08F-C81C-45F6-A57F-5ABD9991F28F}") = "Logica", "Logica\Logica.vbproj", "{183EE085-0DE9-48B8-9633-0CD415CD9743}"
EndProject
Global
	GlobalSection(SolutionConfigurationPlatforms) = preSolution
		Debug|Any CPU = Debug|Any CPU
		Release|Any CPU = Release|Any CPU
	EndGlobalSection
	GlobalSection(ProjectConfigurationPlatforms) = postSolution
		{B463712B-0AF7-42C6-84E9-4E7814AA04E6}.Debug|Any CPU.ActiveCfg = Debug|Any CPU
		{B463712B-0AF7-42C6-84E9-4E7814AA04E6}.Debug|Any CPU.Build.0 = Debug|Any CPU
		{B463712B-0AF7-42C6-84E9-4E7814AA04E6}.Release|Any CPU.ActiveCfg = Release|Any CPU
		{B463712B-0AF7-42C6-84E9-4E7814AA04E6}.Release|Any CPU.Build.0 = Release|Any CPU
		{183EE085-0DE9-48B8-9633-0CD415CD9743}.Debug|Any CPU.ActiveCfg = Debug|Any CPU
		{183EE085-0DE9-48B8-9633-0CD415CD9743}.Debug|Any CPU.Build.0 = Debug|Any CPU
		{183EE085-0DE9-48B8-9633-0CD415CD9743}.Release|Any CPU.ActiveCfg = Release|Any CPU
		{183EE085-0DE9-48B8-9633-0CD415CD9743}.Release|Any CPU.Build.0 = Release|Any CPU
	EndGlobalSection
	GlobalSection(SolutionProperties) = preSolution
		HideSolutionNode = FALSE
	EndGlobalSection
	GlobalSection(ExtensibilityGlobals) = postSolution
		SolutionGuid = {2FCD0F26-BEB9-4DB8-BCF2-3522748A3A91}
	EndGlobalSection
EndGlobal
